
Microsoft Visual Studio Solution File, Format Version 12.00
# Visual Studio Version 16
VisualStudioVersion = 16.0.31515.178
MinimumVisualStudioVersion = 10.0.40219.1
Project("{FAE04EC0-301F-11D3-BF4B-00C04F79EFBC}") = "NodeRevitAddins", "NodeRevitAddins\NodeRevitAddins.csproj", "{A9F80B00-694A-4639-AAEE-1451BDC1C352}"
EndProject
Global
	GlobalSection(SolutionConfigurationPlatforms) = preSolution
		Debug|Any CPU = Debug|Any CPU
		Release|Any CPU = Release|Any CPU
	EndGlobalSection
	GlobalSection(ProjectConfigurationPlatforms) = postSolution
		{A9F80B00-694A-4639-AAEE-1451BDC1C352}.Debug|Any CPU.ActiveCfg = Debug|Any CPU
		{A9F80B00-694A-4639-AAEE-1451BDC1C352}.Debug|Any CPU.Build.0 = Debug|Any CPU
		{A9F80B00-694A-4639-AAEE-1451BDC1C352}.Release|Any CPU.ActiveCfg = Release|Any CPU
		{A9F80B00-694A-4639-AAEE-1451BDC1C352}.Release|Any CPU.Build.0 = Release|Any CPU
	EndGlobalSection
	GlobalSection(SolutionProperties) = preSolution
		HideSolutionNode = FALSE
	EndGlobalSection
	GlobalSection(ExtensibilityGlobals) = postSolution
		SolutionGuid = {BE21C52B-4C89-4E23-BD86-69FCFE82CE8A}
	EndGlobalSection
EndGlobal
